
Microsoft Visual Studio Solution File, Format Version 12.00
# Visual Studio 15
VisualStudioVersion = 15.0.27703.2000
MinimumVisualStudioVersion = 10.0.40219.1
Project("{FAE04EC0-301F-11D3-BF4B-00C04F79EFBC}") = "MissingNumber", "MissingNumber\MissingNumber.csproj", "{B70295D9-FB33-4C59-A8B2-69BDF233CDB5}"
EndProject
Global
	GlobalSection(SolutionConfigurationPlatforms) = preSolution
		Debug|Any CPU = Debug|Any CPU
		Release|Any CPU = Release|Any CPU
	EndGlobalSection
	GlobalSection(ProjectConfigurationPlatforms) = postSolution
		{B70295D9-FB33-4C59-A8B2-69BDF233CDB5}.Debug|Any CPU.ActiveCfg = Debug|Any CPU
		{B70295D9-FB33-4C59-A8B2-69BDF233CDB5}.Debug|Any CPU.Build.0 = Debug|Any CPU
		{B70295D9-FB33-4C59-A8B2-69BDF233CDB5}.Release|Any CPU.ActiveCfg = Release|Any CPU
		{B70295D9-FB33-4C59-A8B2-69BDF233CDB5}.Release|Any CPU.Build.0 = Release|Any CPU
	EndGlobalSection
	GlobalSection(SolutionProperties) = preSolution
		HideSolutionNode = FALSE
	EndGlobalSection
	GlobalSection(ExtensibilityGlobals) = postSolution
		SolutionGuid = {1703C6CC-B458-4CD9-A364-E84DD5703B39}
	EndGlobalSection
EndGlobal
